// !$*UTF8*$!
{
	archiveVersion = 1;
	classes = {
	};
	objectVersion = 77;
	objects = {

/* Begin PBXContainerItemProxy section */
		EB3997662CCB01BC00FA7CE7 /* PBXContainerItemProxy */ = {
			isa = PBXContainerItemProxy;
			containerPortal = EB39974C2CCB01BB00FA7CE7 /* Project object */;
			proxyType = 1;
			remoteGlobalIDString = EB3997532CCB01BB00FA7CE7;
			remoteInfo = "sit-stand";
		};
		EB3997702CCB01BC00FA7CE7 /* PBXContainerItemProxy */ = {
			isa = PBXContainerItemProxy;
			containerPortal = EB39974C2CCB01BB00FA7CE7 /* Project object */;
			proxyType = 1;
			remoteGlobalIDString = EB3997532CCB01BB00FA7CE7;
			remoteInfo = "sit-stand";
		};
/* End PBXContainerItemProxy section */

/* Begin PBXFileReference section */
		EB3997542CCB01BB00FA7CE7 /* sit-stand.app */ = {isa = PBXFileReference; explicitFileType = wrapper.application; includeInIndex = 0; path = "sit-stand.app"; sourceTree = BUILT_PRODUCTS_DIR; };
		EB3997652CCB01BC00FA7CE7 /* sit-standTests.xctest */ = {isa = PBXFileReference; explicitFileType = wrapper.cfbundle; includeInIndex = 0; path = "sit-standTests.xctest"; sourceTree = BUILT_PRODUCTS_DIR; };
		EB39976F2CCB01BC00FA7CE7 /* sit-standUITests.xctest */ = {isa = PBXFileReference; explicitFileType = wrapper.cfbundle; includeInIndex = 0; path = "sit-standUITests.xctest"; sourceTree = BUILT_PRODUCTS_DIR; };
/* End PBXFileReference section */

/* Begin PBXFileSystemSynchronizedRootGroup section */
		EB3997562CCB01BB00FA7CE7 /* sit-stand */ = {
			isa = PBXFileSystemSynchronizedRootGroup;
			path = "sit-stand";
			sourceTree = "<group>";
		};
		EB3997682CCB01BC00FA7CE7 /* sit-standTests */ = {
			isa = PBXFileSystemSynchronizedRootGroup;
			path = "sit-standTests";
			sourceTree = "<group>";
		};
		EB3997722CCB01BC00FA7CE7 /* sit-standUITests */ = {
			isa = PBXFileSystemSynchronizedRootGroup;
			path = "sit-standUITests";
			sourceTree = "<group>";
		};
/* End PBXFileSystemSynchronizedRootGroup section */

/* Begin PBXFrameworksBuildPhase section */
		EB3997512CCB01BB00FA7CE7 /* Frameworks */ = {
			isa = PBXFrameworksBuildPhase;
			buildActionMask = 2147483647;
			files = (
			);
			runOnlyForDeploymentPostprocessing = 0;
		};
		EB3997622CCB01BC00FA7CE7 /* Frameworks */ = {
			isa = PBXFrameworksBuildPhase;
			buildActionMask = 2147483647;
			files = (
			);
			runOnlyForDeploymentPostprocessing = 0;
		};
		EB39976C2CCB01BC00FA7CE7 /* Frameworks */ = {
			isa = PBXFrameworksBuildPhase;
			buildActionMask = 2147483647;
			files = (
			);
			runOnlyForDeploymentPostprocessing = 0;
		};
/* End PBXFrameworksBuildPhase section */

/* Begin PBXGroup section */
		EB39974B2CCB01BB00FA7CE7 = {
			isa = PBXGroup;
			children = (
				EB3997562CCB01BB00FA7CE7 /* sit-stand */,
				EB3997682CCB01BC00FA7CE7 /* sit-standTests */,
				EB3997722CCB01BC00FA7CE7 /* sit-standUITests */,
				EB3997552CCB01BB00FA7CE7 /* Products */,
			);
			sourceTree = "<group>";
		};
		EB3997552CCB01BB00FA7CE7 /* Products */ = {
			isa = PBXGroup;
			children = (
				EB3997542CCB01BB00FA7CE7 /* sit-stand.app */,
				EB3997652CCB01BC00FA7CE7 /* sit-standTests.xctest */,
				EB39976F2CCB01BC00FA7CE7 /* sit-standUITests.xctest */,
			);
			name = Products;
			sourceTree = "<group>";
		};
/* End PBXGroup section */

/* Begin PBXNativeTarget section */
		EB3997532CCB01BB00FA7CE7 /* sit-stand */ = {
			isa = PBXNativeTarget;
			buildConfigurationList = EB3997792CCB01BC00FA7CE7 /* Build configuration list for PBXNativeTarget "sit-stand" */;
			buildPhases = (
				EB3997502CCB01BB00FA7CE7 /* Sources */,
				EB3997512CCB01BB00FA7CE7 /* Frameworks */,
				EB3997522CCB01BB00FA7CE7 /* Resources */,
			);
			buildRules = (
			);
			dependencies = (
			);
			fileSystemSynchronizedGroups = (
				EB3997562CCB01BB00FA7CE7 /* sit-stand */,
			);
			name = "sit-stand";
			packageProductDependencies = (
			);
			productName = "sit-stand";
			productReference = EB3997542CCB01BB00FA7CE7 /* sit-stand.app */;
			productType = "com.apple.product-type.application";
		};
		EB3997642CCB01BC00FA7CE7 /* sit-standTests */ = {
			isa = PBXNativeTarget;
			buildConfigurationList = EB39977C2CCB01BC00FA7CE7 /* Build configuration list for PBXNativeTarget "sit-standTests" */;
			buildPhases = (
				EB3997612CCB01BC00FA7CE7 /* Sources */,
				EB3997622CCB01BC00FA7CE7 /* Frameworks */,
				EB3997632CCB01BC00FA7CE7 /* Resources */,
			);
			buildRules = (
			);
			dependencies = (
				EB3997672CCB01BC00FA7CE7 /* PBXTargetDependency */,
			);
			fileSystemSynchronizedGroups = (
				EB3997682CCB01BC00FA7CE7 /* sit-standTests */,
			);
			name = "sit-standTests";
			packageProductDependencies = (
			);
			productName = "sit-standTests";
			productReference = EB3997652CCB01BC00FA7CE7 /* sit-standTests.xctest */;
			productType = "com.apple.product-type.bundle.unit-test";
		};
		EB39976E2CCB01BC00FA7CE7 /* sit-standUITests */ = {
			isa = PBXNativeTarget;
			buildConfigurationList = EB39977F2CCB01BC00FA7CE7 /* Build configuration list for PBXNativeTarget "sit-standUITests" */;
			buildPhases = (
				EB39976B2CCB01BC00FA7CE7 /* Sources */,
				EB39976C2CCB01BC00FA7CE7 /* Frameworks */,
				EB39976D2CCB01BC00FA7CE7 /* Resources */,
			);
			buildRules = (
			);
			dependencies = (
				EB3997712CCB01BC00FA7CE7 /* PBXTargetDependency */,
			);
			fileSystemSynchronizedGroups = (
				EB3997722CCB01BC00FA7CE7 /* sit-standUITests */,
			);
			name = "sit-standUITests";
			packageProductDependencies = (
			);
			productName = "sit-standUITests";
			productReference = EB39976F2CCB01BC00FA7CE7 /* sit-standUITests.xctest */;
			productType = "com.apple.product-type.bundle.ui-testing";
		};
/* End PBXNativeTarget section */

/* Begin PBXProject section */
		EB39974C2CCB01BB00FA7CE7 /* Project object */ = {
			isa = PBXProject;
			attributes = {
				BuildIndependentTargetsInParallel = 1;
				LastSwiftUpdateCheck = 1600;
				LastUpgradeCheck = 1600;
				TargetAttributes = {
					EB3997532CCB01BB00FA7CE7 = {
						CreatedOnToolsVersion = 16.0;
					};
					EB3997642CCB01BC00FA7CE7 = {
						CreatedOnToolsVersion = 16.0;
						TestTargetID = EB3997532CCB01BB00FA7CE7;
					};
					EB39976E2CCB01BC00FA7CE7 = {
						CreatedOnToolsVersion = 16.0;
						TestTargetID = EB3997532CCB01BB00FA7CE7;
					};
				};
			};
			buildConfigurationList = EB39974F2CCB01BB00FA7CE7 /* Build configuration list for PBXProject "sit-stand" */;
			developmentRegion = en;
			hasScannedForEncodings = 0;
			knownRegions = (
				en,
				Base,
			);
			mainGroup = EB39974B2CCB01BB00FA7CE7;
			minimizedProjectReferenceProxies = 1;
			preferredProjectObjectVersion = 77;
			productRefGroup = EB3997552CCB01BB00FA7CE7 /* Products */;
			projectDirPath = "";
			projectRoot = "";
			targets = (
				EB3997532CCB01BB00FA7CE7 /* sit-stand */,
				EB3997642CCB01BC00FA7CE7 /* sit-standTests */,
				EB39976E2CCB01BC00FA7CE7 /* sit-standUITests */,
			);
		};
/* End PBXProject section */

/* Begin PBXResourcesBuildPhase section */
		EB3997522CCB01BB00FA7CE7 /* Resources */ = {
			isa = PBXResourcesBuildPhase;
			buildActionMask = 2147483647;
			files = (
			);
			runOnlyForDeploymentPostprocessing = 0;
		};
		EB3997632CCB01BC00FA7CE7 /* Resources */ = {
			isa = PBXResourcesBuildPhase;
			buildActionMask = 2147483647;
			files = (
			);
			runOnlyForDeploymentPostprocessing = 0;
		};
		EB39976D2CCB01BC00FA7CE7 /* Resources */ = {
			isa = PBXResourcesBuildPhase;
			buildActionMask = 2147483647;
			files = (
			);
			runOnlyForDeploymentPostprocessing = 0;
		};
/* End PBXResourcesBuildPhase section */

/* Begin PBXSourcesBuildPhase section */
		EB3997502CCB01BB00FA7CE7 /* Sources */ = {
			isa = PBXSourcesBuildPhase;
			buildActionMask = 2147483647;
			files = (
			);
			runOnlyForDeploymentPostprocessing = 0;
		};
		EB3997612CCB01BC00FA7CE7 /* Sources */ = {
			isa = PBXSourcesBuildPhase;
			buildActionMask = 2147483647;
			files = (
			);
			runOnlyForDeploymentPostprocessing = 0;
		};
		EB39976B2CCB01BC00FA7CE7 /* Sources */ = {
			isa = PBXSourcesBuildPhase;
			buildActionMask = 2147483647;
			files = (
			);
			runOnlyForDeploymentPostprocessing = 0;
		};
/* End PBXSourcesBuildPhase section */

/* Begin PBXTargetDependency section */
		EB3997672CCB01BC00FA7CE7 /* PBXTargetDependency */ = {
			isa = PBXTargetDependency;
			target = EB3997532CCB01BB00FA7CE7 /* sit-stand */;
			targetProxy = EB3997662CCB01BC00FA7CE7 /* PBXContainerItemProxy */;
		};
		EB3997712CCB01BC00FA7CE7 /* PBXTargetDependency */ = {
			isa = PBXTargetDependency;
			target = EB3997532CCB01BB00FA7CE7 /* sit-stand */;
			targetProxy = EB3997702CCB01BC00FA7CE7 /* PBXContainerItemProxy */;
		};
/* End PBXTargetDependency section */

/* Begin XCBuildConfiguration section */
		EB3997772CCB01BC00FA7CE7 /* Debug */ = {
			isa = XCBuildConfiguration;
			buildSettings = {
				ALWAYS_SEARCH_USER_PATHS = NO;
				ASSETCATALOG_COMPILER_GENERATE_SWIFT_ASSET_SYMBOL_EXTENSIONS = YES;
				CLANG_ANALYZER_NONNULL = YES;
				CLANG_ANALYZER_NUMBER_OBJECT_CONVERSION = YES_AGGRESSIVE;
				CLANG_CXX_LANGUAGE_STANDARD = "gnu++20";
				CLANG_ENABLE_MODULES = YES;
				CLANG_ENABLE_OBJC_ARC = YES;
				CLANG_ENABLE_OBJC_WEAK = YES;
				CLANG_WARN_BLOCK_CAPTURE_AUTORELEASING = YES;
				CLANG_WARN_BOOL_CONVERSION = YES;
				CLANG_WARN_COMMA = YES;
				CLANG_WARN_CONSTANT_CONVERSION = YES;
				CLANG_WARN_DEPRECATED_OBJC_IMPLEMENTATIONS = YES;
				CLANG_WARN_DIRECT_OBJC_ISA_USAGE = YES_ERROR;
				CLANG_WARN_DOCUMENTATION_COMMENTS = YES;
				CLANG_WARN_EMPTY_BODY = YES;
				CLANG_WARN_ENUM_CONVERSION = YES;
				CLANG_WARN_INFINITE_RECURSION = YES;
				CLANG_WARN_INT_CONVERSION = YES;
				CLANG_WARN_NON_LITERAL_NULL_CONVERSION = YES;
				CLANG_WARN_OBJC_IMPLICIT_RETAIN_SELF = YES;
				CLANG_WARN_OBJC_LITERAL_CONVERSION = YES;
				CLANG_WARN_OBJC_ROOT_CLASS = YES_ERROR;
				CLANG_WARN_QUOTED_INCLUDE_IN_FRAMEWORK_HEADER = YES;
				CLANG_WARN_RANGE_LOOP_ANALYSIS = YES;
				CLANG_WARN_STRICT_PROTOTYPES = YES;
				CLANG_WARN_SUSPICIOUS_MOVE = YES;
				CLANG_WARN_UNGUARDED_AVAILABILITY = YES_AGGRESSIVE;
				CLANG_WARN_UNREACHABLE_CODE = YES;
				CLANG_WARN__DUPLICATE_METHOD_MATCH = YES;
				COPY_PHASE_STRIP = NO;
				DEBUG_INFORMATION_FORMAT = dwarf;
				ENABLE_STRICT_OBJC_MSGSEND = YES;
				ENABLE_TESTABILITY = YES;
				ENABLE_USER_SCRIPT_SANDBOXING = YES;
				GCC_C_LANGUAGE_STANDARD = gnu17;
				GCC_DYNAMIC_NO_PIC = NO;
				GCC_NO_COMMON_BLOCKS = YES;
				GCC_OPTIMIZATION_LEVEL = 0;
				GCC_PREPROCESSOR_DEFINITIONS = (
					"DEBUG=1",
					"$(inherited)",
				);
				GCC_WARN_64_TO_32_BIT_CONVERSION = YES;
				GCC_WARN_ABOUT_RETURN_TYPE = YES_ERROR;
				GCC_WARN_UNDECLARED_SELECTOR = YES;
				GCC_WARN_UNINITIALIZED_AUTOS = YES_AGGRESSIVE;
				GCC_WARN_UNUSED_FUNCTION = YES;
				GCC_WARN_UNUSED_VARIABLE = YES;
				LOCALIZATION_PREFERS_STRING_CATALOGS = YES;
				MACOSX_DEPLOYMENT_TARGET = 14.6;
				MTL_ENABLE_DEBUG_INFO = INCLUDE_SOURCE;
				MTL_FAST_MATH = YES;
				ONLY_ACTIVE_ARCH = YES;
				SDKROOT = macosx;
				SWIFT_ACTIVE_COMPILATION_CONDITIONS = "DEBUG $(inherited)";
				SWIFT_OPTIMIZATION_LEVEL = "-Onone";
			};
			name = Debug;
		};
		EB3997782CCB01BC00FA7CE7 /* Release */ = {
			isa = XCBuildConfiguration;
			buildSettings = {
				ALWAYS_SEARCH_USER_PATHS = NO;
				ASSETCATALOG_COMPILER_GENERATE_SWIFT_ASSET_SYMBOL_EXTENSIONS = YES;
				CLANG_ANALYZER_NONNULL = YES;
				CLANG_ANALYZER_NUMBER_OBJECT_CONVERSION = YES_AGGRESSIVE;
				CLANG_CXX_LANGUAGE_STANDARD = "gnu++20";
				CLANG_ENABLE_MODULES = YES;
				CLANG_ENABLE_OBJC_ARC = YES;
				CLANG_ENABLE_OBJC_WEAK = YES;
				CLANG_WARN_BLOCK_CAPTURE_AUTORELEASING = YES;
				CLANG_WARN_BOOL_CONVERSION = YES;
				CLANG_WARN_COMMA = YES;
				CLANG_WARN_CONSTANT_CONVERSION = YES;
				CLANG_WARN_DEPRECATED_OBJC_IMPLEMENTATIONS = YES;
				CLANG_WARN_DIRECT_OBJC_ISA_USAGE = YES_ERROR;
				CLANG_WARN_DOCUMENTATION_COMMENTS = YES;
				CLANG_WARN_EMPTY_BODY = YES;
				CLANG_WARN_ENUM_CONVERSION = YES;
				CLANG_WARN_INFINITE_RECURSION = YES;
				CLANG_WARN_INT_CONVERSION = YES;
				CLANG_WARN_NON_LITERAL_NULL_CONVERSION = YES;
				CLANG_WARN_OBJC_IMPLICIT_RETAIN_SELF = YES;
				CLANG_WARN_OBJC_LITERAL_CONVERSION = YES;
				CLANG_WARN_OBJC_ROOT_CLASS = YES_ERROR;
				CLANG_WARN_QUOTED_INCLUDE_IN_FRAMEWORK_HEADER = YES;
				CLANG_WARN_RANGE_LOOP_ANALYSIS = YES;
				CLANG_WARN_STRICT_PROTOTYPES = YES;
				CLANG_WARN_SUSPICIOUS_MOVE = YES;
				CLANG_WARN_UNGUARDED_AVAILABILITY = YES_AGGRESSIVE;
				CLANG_WARN_UNREACHABLE_CODE = YES;
				CLANG_WARN__DUPLICATE_METHOD_MATCH = YES;
				COPY_PHASE_STRIP = NO;
				DEBUG_INFORMATION_FORMAT = "dwarf-with-dsym";
				ENABLE_NS_ASSERTIONS = NO;
				ENABLE_STRICT_OBJC_MSGSEND = YES;
				ENABLE_USER_SCRIPT_SANDBOXING = YES;
				GCC_C_LANGUAGE_STANDARD = gnu17;
				GCC_NO_COMMON_BLOCKS = YES;
				GCC_WARN_64_TO_32_BIT_CONVERSION = YES;
				GCC_WARN_ABOUT_RETURN_TYPE = YES_ERROR;
				GCC_WARN_UNDECLARED_SELECTOR = YES;
				GCC_WARN_UNINITIALIZED_AUTOS = YES_AGGRESSIVE;
				GCC_WARN_UNUSED_FUNCTION = YES;
				GCC_WARN_UNUSED_VARIABLE = YES;
				LOCALIZATION_PREFERS_STRING_CATALOGS = YES;
				MACOSX_DEPLOYMENT_TARGET = 14.6;
				MTL_ENABLE_DEBUG_INFO = NO;
				MTL_FAST_MATH = YES;
				SDKROOT = macosx;
				SWIFT_COMPILATION_MODE = wholemodule;
			};
			name = Release;
		};
		EB39977A2CCB01BC00FA7CE7 /* Debug */ = {
			isa = XCBuildConfiguration;
			buildSettings = {
				ASSETCATALOG_COMPILER_APPICON_NAME = AppIcon;
				ASSETCATALOG_COMPILER_GLOBAL_ACCENT_COLOR_NAME = AccentColor;
				CODE_SIGN_ENTITLEMENTS = "sit-stand/sit_stand.entitlements";
				CODE_SIGN_STYLE = Automatic;
				COMBINE_HIDPI_IMAGES = YES;
				CURRENT_PROJECT_VERSION = 1;
				DEVELOPMENT_ASSET_PATHS = "\"sit-stand/Preview Content\"";
				ENABLE_PREVIEWS = YES;
				GENERATE_INFOPLIST_FILE = YES;
				INFOPLIST_KEY_NSHumanReadableCopyright = "";
				LD_RUNPATH_SEARCH_PATHS = (
					"$(inherited)",
					"@executable_path/../Frameworks",
				);
				MARKETING_VERSION = 1.0;
				PRODUCT_BUNDLE_IDENTIFIER = "com.mjlatty.sit-stand.sit-stand";
				PRODUCT_NAME = "$(TARGET_NAME)";
				SWIFT_EMIT_LOC_STRINGS = YES;
				SWIFT_VERSION = 5.0;
			};
			name = Debug;
		};
		EB39977B2CCB01BC00FA7CE7 /* Release */ = {
			isa = XCBuildConfiguration;
			buildSettings = {
				ASSETCATALOG_COMPILER_APPICON_NAME = AppIcon;
				ASSETCATALOG_COMPILER_GLOBAL_ACCENT_COLOR_NAME = AccentColor;
				CODE_SIGN_ENTITLEMENTS = "sit-stand/sit_stand.entitlements";
				CODE_SIGN_STYLE = Automatic;
				COMBINE_HIDPI_IMAGES = YES;
				CURRENT_PROJECT_VERSION = 1;
				DEVELOPMENT_ASSET_PATHS = "\"sit-stand/Preview Content\"";
				ENABLE_PREVIEWS = YES;
				GENERATE_INFOPLIST_FILE = YES;
				INFOPLIST_KEY_NSHumanReadableCopyright = "";
				LD_RUNPATH_SEARCH_PATHS = (
					"$(inherited)",
					"@executable_path/../Frameworks",
				);
				MARKETING_VERSION = 1.0;
				PRODUCT_BUNDLE_IDENTIFIER = "com.mjlatty.sit-stand.sit-stand";
				PRODUCT_NAME = "$(TARGET_NAME)";
				SWIFT_EMIT_LOC_STRINGS = YES;
				SWIFT_VERSION = 5.0;
			};
			name = Release;
		};
		EB39977D2CCB01BC00FA7CE7 /* Debug */ = {
			isa = XCBuildConfiguration;
			buildSettings = {
				BUNDLE_LOADER = "$(TEST_HOST)";
				CODE_SIGN_STYLE = Automatic;
				CURRENT_PROJECT_VERSION = 1;
				GENERATE_INFOPLIST_FILE = YES;
				MACOSX_DEPLOYMENT_TARGET = 14.6;
				MARKETING_VERSION = 1.0;
				PRODUCT_BUNDLE_IDENTIFIER = "com.mjlatty.sit-stand.sit-standTests";
				PRODUCT_NAME = "$(TARGET_NAME)";
				SWIFT_EMIT_LOC_STRINGS = NO;
				SWIFT_VERSION = 5.0;
				TEST_HOST = "$(BUILT_PRODUCTS_DIR)/sit-stand.app/$(BUNDLE_EXECUTABLE_FOLDER_PATH)/sit-stand";
			};
			name = Debug;
		};
		EB39977E2CCB01BC00FA7CE7 /* Release */ = {
			isa = XCBuildConfiguration;
			buildSettings = {
				BUNDLE_LOADER = "$(TEST_HOST)";
				CODE_SIGN_STYLE = Automatic;
				CURRENT_PROJECT_VERSION = 1;
				GENERATE_INFOPLIST_FILE = YES;
				MACOSX_DEPLOYMENT_TARGET = 14.6;
				MARKETING_VERSION = 1.0;
				PRODUCT_BUNDLE_IDENTIFIER = "com.mjlatty.sit-stand.sit-standTests";
				PRODUCT_NAME = "$(TARGET_NAME)";
				SWIFT_EMIT_LOC_STRINGS = NO;
				SWIFT_VERSION = 5.0;
				TEST_HOST = "$(BUILT_PRODUCTS_DIR)/sit-stand.app/$(BUNDLE_EXECUTABLE_FOLDER_PATH)/sit-stand";
			};
			name = Release;
		};
		EB3997802CCB01BC00FA7CE7 /* Debug */ = {
			isa = XCBuildConfiguration;
			buildSettings = {
				CODE_SIGN_STYLE = Automatic;
				CURRENT_PROJECT_VERSION = 1;
				GENERATE_INFOPLIST_FILE = YES;
				MARKETING_VERSION = 1.0;
				PRODUCT_BUNDLE_IDENTIFIER = "com.mjlatty.sit-stand.sit-standUITests";
				PRODUCT_NAME = "$(TARGET_NAME)";
				SWIFT_EMIT_LOC_STRINGS = NO;
				SWIFT_VERSION = 5.0;
				TEST_TARGET_NAME = "sit-stand";
			};
			name = Debug;
		};
		EB3997812CCB01BC00FA7CE7 /* Release */ = {
			isa = XCBuildConfiguration;
			buildSettings = {
				CODE_SIGN_STYLE = Automatic;
				CURRENT_PROJECT_VERSION = 1;
				GENERATE_INFOPLIST_FILE = YES;
				MARKETING_VERSION = 1.0;
				PRODUCT_BUNDLE_IDENTIFIER = "com.mjlatty.sit-stand.sit-standUITests";
				PRODUCT_NAME = "$(TARGET_NAME)";
				SWIFT_EMIT_LOC_STRINGS = NO;
				SWIFT_VERSION = 5.0;
				TEST_TARGET_NAME = "sit-stand";
			};
			name = Release;
		};
/* End XCBuildConfiguration section */

/* Begin XCConfigurationList section */
		EB39974F2CCB01BB00FA7CE7 /* Build configuration list for PBXProject "sit-stand" */ = {
			isa = XCConfigurationList;
			buildConfigurations = (
				EB3997772CCB01BC00FA7CE7 /* Debug */,
				EB3997782CCB01BC00FA7CE7 /* Release */,
			);
			defaultConfigurationIsVisible = 0;
			defaultConfigurationName = Release;
		};
		EB3997792CCB01BC00FA7CE7 /* Build configuration list for PBXNativeTarget "sit-stand" */ = {
			isa = XCConfigurationList;
			buildConfigurations = (
				EB39977A2CCB01BC00FA7CE7 /* Debug */,
				EB39977B2CCB01BC00FA7CE7 /* Release */,
			);
			defaultConfigurationIsVisible = 0;
			defaultConfigurationName = Release;
		};
		EB39977C2CCB01BC00FA7CE7 /* Build configuration list for PBXNativeTarget "sit-standTests" */ = {
			isa = XCConfigurationList;
			buildConfigurations = (
				EB39977D2CCB01BC00FA7CE7 /* Debug */,
				EB39977E2CCB01BC00FA7CE7 /* Release */,
			);
			defaultConfigurationIsVisible = 0;
			defaultConfigurationName = Release;
		};
		EB39977F2CCB01BC00FA7CE7 /* Build configuration list for PBXNativeTarget "sit-standUITests" */ = {
			isa = XCConfigurationList;
			buildConfigurations = (
				EB3997802CCB01BC00FA7CE7 /* Debug */,
				EB3997812CCB01BC00FA7CE7 /* Release */,
			);
			defaultConfigurationIsVisible = 0;
			defaultConfigurationName = Release;
		};
/* End XCConfigurationList section */
	};
	rootObject = EB39974C2CCB01BB00FA7CE7 /* Project object */;
}
